
Microsoft Visual Studio Solution File, Format Version 12.00
# Visual Studio Version 16
VisualStudioVersion = 16.0.34301.259
MinimumVisualStudioVersion = 10.0.40219.1
Project("{888888A0-9F3D-457C-B088-3A5042F75D52}") = "InterfacciaIniziale", "InterfacciaIniziale.pyproj", "{A709CB4E-2B86-4D35-AB1D-DFC59B5DD670}"
EndProject
Global
	GlobalSection(SolutionConfigurationPlatforms) = preSolution
		Debug|Any CPU = Debug|Any CPU
		Release|Any CPU = Release|Any CPU
	EndGlobalSection
	GlobalSection(ProjectConfigurationPlatforms) = postSolution
		{A709CB4E-2B86-4D35-AB1D-DFC59B5DD670}.Debug|Any CPU.ActiveCfg = Debug|Any CPU
		{A709CB4E-2B86-4D35-AB1D-DFC59B5DD670}.Release|Any CPU.ActiveCfg = Release|Any CPU
	EndGlobalSection
	GlobalSection(SolutionProperties) = preSolution
		HideSolutionNode = FALSE
	EndGlobalSection
	GlobalSection(ExtensibilityGlobals) = postSolution
		SolutionGuid = {B1ACB970-6EFD-4168-A9AD-D41C2A2EF1D3}
	EndGlobalSection
EndGlobal
